// !$*UTF8*$!
{
	archiveVersion = 1;
	classes = {
	};
	objectVersion = 46;
	objects = {

/* Begin PBXBuildFile section */
		5A64A5A51C909E92001629F0 /* SmallWaitTime.m in Sources */ = {isa = PBXBuildFile; fileRef = 5A64A5A41C909E92001629F0 /* SmallWaitTime.m */; };
		5A64A5A81C90A047001629F0 /* LargeWaitTime.m in Sources */ = {isa = PBXBuildFile; fileRef = 5A64A5A71C90A047001629F0 /* LargeWaitTime.m */; };
		6B0F5AE61CB19222002BE2AA /* CheckInViewController.m in Sources */ = {isa = PBXBuildFile; fileRef = 6B0F5AE51CB19222002BE2AA /* CheckInViewController.m */; };
		6B7DF8851C6F77A100D43104 /* Constants.m in Sources */ = {isa = PBXBuildFile; fileRef = 6B7DF8841C6F77A100D43104 /* Constants.m */; };
		6B7DF8891C6FAA0400D43104 /* PollingPlaceViewController.m in Sources */ = {isa = PBXBuildFile; fileRef = 6B7DF8881C6FAA0400D43104 /* PollingPlaceViewController.m */; };
		6B8DAC391C68792700AA6ED3 /* main.m in Sources */ = {isa = PBXBuildFile; fileRef = 6B8DAC381C68792700AA6ED3 /* main.m */; };
		6B8DAC3C1C68792700AA6ED3 /* AppDelegate.m in Sources */ = {isa = PBXBuildFile; fileRef = 6B8DAC3B1C68792700AA6ED3 /* AppDelegate.m */; };
		6B8DAC441C68792700AA6ED3 /* Assets.xcassets in Resources */ = {isa = PBXBuildFile; fileRef = 6B8DAC431C68792700AA6ED3 /* Assets.xcassets */; };
		6B8DAC501C68798F00AA6ED3 /* SWRevealViewController.m in Sources */ = {isa = PBXBuildFile; fileRef = 6B8DAC4F1C68798F00AA6ED3 /* SWRevealViewController.m */; };
		6B8DAC5A1C6879A500AA6ED3 /* MainViewController.m in Sources */ = {isa = PBXBuildFile; fileRef = 6B8DAC541C6879A400AA6ED3 /* MainViewController.m */; };
		6B8DAC5B1C6879A500AA6ED3 /* MasterTableViewController.m in Sources */ = {isa = PBXBuildFile; fileRef = 6B8DAC561C6879A400AA6ED3 /* MasterTableViewController.m */; };
		6B8DAC5C1C6879A500AA6ED3 /* SignUpViewController.m in Sources */ = {isa = PBXBuildFile; fileRef = 6B8DAC581C6879A500AA6ED3 /* SignUpViewController.m */; };
		6B8DAC5E1C687A9F00AA6ED3 /* Default-568h@2x.png in Resources */ = {isa = PBXBuildFile; fileRef = 6B8DAC5D1C687A9F00AA6ED3 /* Default-568h@2x.png */; };
		6BB063C71CA8B820000EF46C /* CheckIns.m in Sources */ = {isa = PBXBuildFile; fileRef = 6BB063C61CA8B820000EF46C /* CheckIns.m */; };
		6BC770E71C7A4CAC004CC8D6 /* PastPollingTableViewController.m in Sources */ = {isa = PBXBuildFile; fileRef = 6BC770E61C7A4CAC004CC8D6 /* PastPollingTableViewController.m */; };
		6BC770F41C7A55DC004CC8D6 /* WaitTimeTableViewCell.m in Sources */ = {isa = PBXBuildFile; fileRef = 6BC770F31C7A55DC004CC8D6 /* WaitTimeTableViewCell.m */; };
		8A6AF71E6732C053F602ED41 /* libPods-BusyBooth.a in Frameworks */ = {isa = PBXBuildFile; fileRef = 820B57C80CBC0E32C6083A61 /* libPods-BusyBooth.a */; };
/* End PBXBuildFile section */

/* Begin PBXFileReference section */
		55C56609687A10C7677EDD8C /* Pods-BusyBooth.debug.xcconfig */ = {isa = PBXFileReference; includeInIndex = 1; lastKnownFileType = text.xcconfig; name = "Pods-BusyBooth.debug.xcconfig"; path = "Pods/Target Support Files/Pods-BusyBooth/Pods-BusyBooth.debug.xcconfig"; sourceTree = "<group>"; };
		5A64A5A31C909E92001629F0 /* SmallWaitTime.h */ = {isa = PBXFileReference; fileEncoding = 4; lastKnownFileType = sourcecode.c.h; path = SmallWaitTime.h; sourceTree = "<group>"; };
		5A64A5A41C909E92001629F0 /* SmallWaitTime.m */ = {isa = PBXFileReference; fileEncoding = 4; lastKnownFileType = sourcecode.c.objc; path = SmallWaitTime.m; sourceTree = "<group>"; };
		5A64A5A61C90A047001629F0 /* LargeWaitTime.h */ = {isa = PBXFileReference; fileEncoding = 4; lastKnownFileType = sourcecode.c.h; path = LargeWaitTime.h; sourceTree = "<group>"; };
		5A64A5A71C90A047001629F0 /* LargeWaitTime.m */ = {isa = PBXFileReference; fileEncoding = 4; lastKnownFileType = sourcecode.c.objc; path = LargeWaitTime.m; sourceTree = "<group>"; };
		6B0F5AE41CB19222002BE2AA /* CheckInViewController.h */ = {isa = PBXFileReference; fileEncoding = 4; lastKnownFileType = sourcecode.c.h; path = CheckInViewController.h; sourceTree = "<group>"; };
		6B0F5AE51CB19222002BE2AA /* CheckInViewController.m */ = {isa = PBXFileReference; fileEncoding = 4; lastKnownFileType = sourcecode.c.objc; path = CheckInViewController.m; sourceTree = "<group>"; };
		6B7DF8831C6F77A100D43104 /* Constants.h */ = {isa = PBXFileReference; fileEncoding = 4; lastKnownFileType = sourcecode.c.h; path = Constants.h; sourceTree = "<group>"; };
		6B7DF8841C6F77A100D43104 /* Constants.m */ = {isa = PBXFileReference; fileEncoding = 4; lastKnownFileType = sourcecode.c.objc; path = Constants.m; sourceTree = "<group>"; };
		6B7DF8861C6F7CF100D43104 /* BusyBooth-Prefix.pch */ = {isa = PBXFileReference; lastKnownFileType = sourcecode.c.h; path = "BusyBooth-Prefix.pch"; sourceTree = "<group>"; };
		6B7DF8871C6FAA0400D43104 /* PollingPlaceViewController.h */ = {isa = PBXFileReference; fileEncoding = 4; lastKnownFileType = sourcecode.c.h; path = PollingPlaceViewController.h; sourceTree = "<group>"; };
		6B7DF8881C6FAA0400D43104 /* PollingPlaceViewController.m */ = {isa = PBXFileReference; fileEncoding = 4; lastKnownFileType = sourcecode.c.objc; path = PollingPlaceViewController.m; sourceTree = "<group>"; };
		6B8DAC341C68792700AA6ED3 /* BusyBooth.app */ = {isa = PBXFileReference; explicitFileType = wrapper.application; includeInIndex = 0; path = BusyBooth.app; sourceTree = BUILT_PRODUCTS_DIR; };
		6B8DAC381C68792700AA6ED3 /* main.m */ = {isa = PBXFileReference; lastKnownFileType = sourcecode.c.objc; path = main.m; sourceTree = "<group>"; };
		6B8DAC3A1C68792700AA6ED3 /* AppDelegate.h */ = {isa = PBXFileReference; lastKnownFileType = sourcecode.c.h; path = AppDelegate.h; sourceTree = "<group>"; };
		6B8DAC3B1C68792700AA6ED3 /* AppDelegate.m */ = {isa = PBXFileReference; lastKnownFileType = sourcecode.c.objc; path = AppDelegate.m; sourceTree = "<group>"; };
		6B8DAC431C68792700AA6ED3 /* Assets.xcassets */ = {isa = PBXFileReference; lastKnownFileType = folder.assetcatalog; path = Assets.xcassets; sourceTree = "<group>"; };
		6B8DAC481C68792700AA6ED3 /* Info.plist */ = {isa = PBXFileReference; lastKnownFileType = text.plist.xml; path = Info.plist; sourceTree = "<group>"; };
		6B8DAC4E1C68798F00AA6ED3 /* SWRevealViewController.h */ = {isa = PBXFileReference; fileEncoding = 4; lastKnownFileType = sourcecode.c.h; path = SWRevealViewController.h; sourceTree = "<group>"; };
		6B8DAC4F1C68798F00AA6ED3 /* SWRevealViewController.m */ = {isa = PBXFileReference; fileEncoding = 4; lastKnownFileType = sourcecode.c.objc; path = SWRevealViewController.m; sourceTree = "<group>"; };
		6B8DAC531C6879A400AA6ED3 /* MainViewController.h */ = {isa = PBXFileReference; fileEncoding = 4; lastKnownFileType = sourcecode.c.h; path = MainViewController.h; sourceTree = "<group>"; };
		6B8DAC541C6879A400AA6ED3 /* MainViewController.m */ = {isa = PBXFileReference; fileEncoding = 4; lastKnownFileType = sourcecode.c.objc; path = MainViewController.m; sourceTree = "<group>"; };
		6B8DAC551C6879A400AA6ED3 /* MasterTableViewController.h */ = {isa = PBXFileReference; fileEncoding = 4; lastKnownFileType = sourcecode.c.h; path = MasterTableViewController.h; sourceTree = "<group>"; };
		6B8DAC561C6879A400AA6ED3 /* MasterTableViewController.m */ = {isa = PBXFileReference; fileEncoding = 4; lastKnownFileType = sourcecode.c.objc; path = MasterTableViewController.m; sourceTree = "<group>"; };
		6B8DAC571C6879A400AA6ED3 /* SignUpViewController.h */ = {isa = PBXFileReference; fileEncoding = 4; lastKnownFileType = sourcecode.c.h; path = SignUpViewController.h; sourceTree = "<group>"; };
		6B8DAC581C6879A500AA6ED3 /* SignUpViewController.m */ = {isa = PBXFileReference; fileEncoding = 4; lastKnownFileType = sourcecode.c.objc; path = SignUpViewController.m; sourceTree = "<group>"; };
		6B8DAC5D1C687A9F00AA6ED3 /* Default-568h@2x.png */ = {isa = PBXFileReference; lastKnownFileType = image.png; path = "Default-568h@2x.png"; sourceTree = "<group>"; };
		6BB063C51CA8B820000EF46C /* CheckIns.h */ = {isa = PBXFileReference; fileEncoding = 4; lastKnownFileType = sourcecode.c.h; path = CheckIns.h; sourceTree = "<group>"; };
		6BB063C61CA8B820000EF46C /* CheckIns.m */ = {isa = PBXFileReference; fileEncoding = 4; lastKnownFileType = sourcecode.c.objc; path = CheckIns.m; sourceTree = "<group>"; };
		6BC770E51C7A4CAC004CC8D6 /* PastPollingTableViewController.h */ = {isa = PBXFileReference; fileEncoding = 4; lastKnownFileType = sourcecode.c.h; path = PastPollingTableViewController.h; sourceTree = "<group>"; };
		6BC770E61C7A4CAC004CC8D6 /* PastPollingTableViewController.m */ = {isa = PBXFileReference; fileEncoding = 4; lastKnownFileType = sourcecode.c.objc; path = PastPollingTableViewController.m; sourceTree = "<group>"; };
		6BC770F21C7A55DC004CC8D6 /* WaitTimeTableViewCell.h */ = {isa = PBXFileReference; fileEncoding = 4; lastKnownFileType = sourcecode.c.h; path = WaitTimeTableViewCell.h; sourceTree = "<group>"; };
		6BC770F31C7A55DC004CC8D6 /* WaitTimeTableViewCell.m */ = {isa = PBXFileReference; fileEncoding = 4; lastKnownFileType = sourcecode.c.objc; path = WaitTimeTableViewCell.m; sourceTree = "<group>"; };
		820B57C80CBC0E32C6083A61 /* libPods-BusyBooth.a */ = {isa = PBXFileReference; explicitFileType = archive.ar; includeInIndex = 0; path = "libPods-BusyBooth.a"; sourceTree = BUILT_PRODUCTS_DIR; };
		CEB09FD9F71038E172829AC5 /* Pods-BusyBooth.release.xcconfig */ = {isa = PBXFileReference; includeInIndex = 1; lastKnownFileType = text.xcconfig; name = "Pods-BusyBooth.release.xcconfig"; path = "Pods/Target Support Files/Pods-BusyBooth/Pods-BusyBooth.release.xcconfig"; sourceTree = "<group>"; };
/* End PBXFileReference section */

/* Begin PBXFrameworksBuildPhase section */
		6B8DAC311C68792700AA6ED3 /* Frameworks */ = {
			isa = PBXFrameworksBuildPhase;
			buildActionMask = 2147483647;
			files = (
				8A6AF71E6732C053F602ED41 /* libPods-BusyBooth.a in Frameworks */,
			);
			runOnlyForDeploymentPostprocessing = 0;
		};
/* End PBXFrameworksBuildPhase section */

/* Begin PBXGroup section */
		39C46BFD18BDD5BD5B1CFA3A /* Frameworks */ = {
			isa = PBXGroup;
			children = (
				820B57C80CBC0E32C6083A61 /* libPods-BusyBooth.a */,
			);
			name = Frameworks;
			sourceTree = "<group>";
		};
		6B7DF88D1C6FAD3500D43104 /* Sign Up */ = {
			isa = PBXGroup;
			children = (
				6B8DAC571C6879A400AA6ED3 /* SignUpViewController.h */,
				6B8DAC581C6879A500AA6ED3 /* SignUpViewController.m */,
			);
			name = "Sign Up";
			sourceTree = "<group>";
		};
		6B7DF88E1C6FAD4800D43104 /* Main */ = {
			isa = PBXGroup;
			children = (
				6BB063C51CA8B820000EF46C /* CheckIns.h */,
				6BB063C61CA8B820000EF46C /* CheckIns.m */,
				6B8DAC551C6879A400AA6ED3 /* MasterTableViewController.h */,
				6B8DAC561C6879A400AA6ED3 /* MasterTableViewController.m */,
				6B8DAC531C6879A400AA6ED3 /* MainViewController.h */,
				6B8DAC541C6879A400AA6ED3 /* MainViewController.m */,
				6B7DF8871C6FAA0400D43104 /* PollingPlaceViewController.h */,
				6B7DF8881C6FAA0400D43104 /* PollingPlaceViewController.m */,
				6B0F5AE41CB19222002BE2AA /* CheckInViewController.h */,
				6B0F5AE51CB19222002BE2AA /* CheckInViewController.m */,
				6BC770E81C7A551A004CC8D6 /* PastPollingViews */,
			);
			name = Main;
			sourceTree = "<group>";
		};
		6B8DAC2B1C68792700AA6ED3 = {
			isa = PBXGroup;
			children = (
				6B8DAC5D1C687A9F00AA6ED3 /* Default-568h@2x.png */,
				6B8DAC361C68792700AA6ED3 /* BusyBooth */,
				6B8DAC351C68792700AA6ED3 /* Products */,
				E0AC6CE6336D66AC410D0E5C /* Pods */,
				39C46BFD18BDD5BD5B1CFA3A /* Frameworks */,
			);
			sourceTree = "<group>";
		};
		6B8DAC351C68792700AA6ED3 /* Products */ = {
			isa = PBXGroup;
			children = (
				6B8DAC341C68792700AA6ED3 /* BusyBooth.app */,
			);
			name = Products;
			sourceTree = "<group>";
		};
		6B8DAC361C68792700AA6ED3 /* BusyBooth */ = {
			isa = PBXGroup;
			children = (
				6B8DAC3A1C68792700AA6ED3 /* AppDelegate.h */,
				6B8DAC3B1C68792700AA6ED3 /* AppDelegate.m */,
				6B7DF88D1C6FAD3500D43104 /* Sign Up */,
				6B7DF88E1C6FAD4800D43104 /* Main */,
				6B8DAC431C68792700AA6ED3 /* Assets.xcassets */,
				6B8DAC481C68792700AA6ED3 /* Info.plist */,
				6B8DAC371C68792700AA6ED3 /* Supporting Files */,
			);
			path = BusyBooth;
			sourceTree = "<group>";
		};
		6B8DAC371C68792700AA6ED3 /* Supporting Files */ = {
			isa = PBXGroup;
			children = (
				6B7DF8861C6F7CF100D43104 /* BusyBooth-Prefix.pch */,
				6B7DF8831C6F77A100D43104 /* Constants.h */,
				6B7DF8841C6F77A100D43104 /* Constants.m */,
				6B8DAC381C68792700AA6ED3 /* main.m */,
				6B8DAC4E1C68798F00AA6ED3 /* SWRevealViewController.h */,
				6B8DAC4F1C68798F00AA6ED3 /* SWRevealViewController.m */,
			);
			name = "Supporting Files";
			sourceTree = "<group>";
		};
		6BC770E81C7A551A004CC8D6 /* PastPollingViews */ = {
			isa = PBXGroup;
			children = (
				6BC770F21C7A55DC004CC8D6 /* WaitTimeTableViewCell.h */,
				6BC770F31C7A55DC004CC8D6 /* WaitTimeTableViewCell.m */,
				6BC770E51C7A4CAC004CC8D6 /* PastPollingTableViewController.h */,
				6BC770E61C7A4CAC004CC8D6 /* PastPollingTableViewController.m */,
				5A64A5A31C909E92001629F0 /* SmallWaitTime.h */,
				5A64A5A41C909E92001629F0 /* SmallWaitTime.m */,
				5A64A5A61C90A047001629F0 /* LargeWaitTime.h */,
				5A64A5A71C90A047001629F0 /* LargeWaitTime.m */,
			);
			name = PastPollingViews;
			sourceTree = "<group>";
		};
		E0AC6CE6336D66AC410D0E5C /* Pods */ = {
			isa = PBXGroup;
			children = (
				55C56609687A10C7677EDD8C /* Pods-BusyBooth.debug.xcconfig */,
				CEB09FD9F71038E172829AC5 /* Pods-BusyBooth.release.xcconfig */,
			);
			name = Pods;
			sourceTree = "<group>";
		};
/* End PBXGroup section */

/* Begin PBXNativeTarget section */
		6B8DAC331C68792700AA6ED3 /* BusyBooth */ = {
			isa = PBXNativeTarget;
			buildConfigurationList = 6B8DAC4B1C68792700AA6ED3 /* Build configuration list for PBXNativeTarget "BusyBooth" */;
			buildPhases = (
				793E3C7BD4A66DAF495F0B7B /* Check Pods Manifest.lock */,
				6B8DAC301C68792700AA6ED3 /* Sources */,
				6B8DAC311C68792700AA6ED3 /* Frameworks */,
				6B8DAC321C68792700AA6ED3 /* Resources */,
				25AC6B8418A7E3044704C677 /* Embed Pods Frameworks */,
				275EC8B0292B502B527481E3 /* Copy Pods Resources */,
			);
			buildRules = (
			);
			dependencies = (
			);
			name = BusyBooth;
			productName = BusyBooth;
			productReference = 6B8DAC341C68792700AA6ED3 /* BusyBooth.app */;
			productType = "com.apple.product-type.application";
		};
/* End PBXNativeTarget section */

/* Begin PBXProject section */
		6B8DAC2C1C68792700AA6ED3 /* Project object */ = {
			isa = PBXProject;
			attributes = {
				LastUpgradeCheck = 0720;
				ORGANIZATIONNAME = "Krishna Bharathala";
				TargetAttributes = {
					6B8DAC331C68792700AA6ED3 = {
						CreatedOnToolsVersion = 7.2.1;
					};
				};
			};
			buildConfigurationList = 6B8DAC2F1C68792700AA6ED3 /* Build configuration list for PBXProject "BusyBooth" */;
			compatibilityVersion = "Xcode 3.2";
			developmentRegion = English;
			hasScannedForEncodings = 0;
			knownRegions = (
				en,
				Base,
			);
			mainGroup = 6B8DAC2B1C68792700AA6ED3;
			productRefGroup = 6B8DAC351C68792700AA6ED3 /* Products */;
			projectDirPath = "";
			projectRoot = "";
			targets = (
				6B8DAC331C68792700AA6ED3 /* BusyBooth */,
			);
		};
/* End PBXProject section */

/* Begin PBXResourcesBuildPhase section */
		6B8DAC321C68792700AA6ED3 /* Resources */ = {
			isa = PBXResourcesBuildPhase;
			buildActionMask = 2147483647;
			files = (
				6B8DAC441C68792700AA6ED3 /* Assets.xcassets in Resources */,
				6B8DAC5E1C687A9F00AA6ED3 /* Default-568h@2x.png in Resources */,
			);
			runOnlyForDeploymentPostprocessing = 0;
		};
/* End PBXResourcesBuildPhase section */

/* Begin PBXShellScriptBuildPhase section */
		25AC6B8418A7E3044704C677 /* Embed Pods Frameworks */ = {
			isa = PBXShellScriptBuildPhase;
			buildActionMask = 2147483647;
			files = (
			);
			inputPaths = (
			);
			name = "Embed Pods Frameworks";
			outputPaths = (
			);
			runOnlyForDeploymentPostprocessing = 0;
			shellPath = /bin/sh;
			shellScript = "\"${SRCROOT}/Pods/Target Support Files/Pods-BusyBooth/Pods-BusyBooth-frameworks.sh\"\n";
			showEnvVarsInLog = 0;
		};
		275EC8B0292B502B527481E3 /* Copy Pods Resources */ = {
			isa = PBXShellScriptBuildPhase;
			buildActionMask = 2147483647;
			files = (
			);
			inputPaths = (
			);
			name = "Copy Pods Resources";
			outputPaths = (
			);
			runOnlyForDeploymentPostprocessing = 0;
			shellPath = /bin/sh;
			shellScript = "\"${SRCROOT}/Pods/Target Support Files/Pods-BusyBooth/Pods-BusyBooth-resources.sh\"\n";
			showEnvVarsInLog = 0;
		};
		793E3C7BD4A66DAF495F0B7B /* Check Pods Manifest.lock */ = {
			isa = PBXShellScriptBuildPhase;
			buildActionMask = 2147483647;
			files = (
			);
			inputPaths = (
			);
			name = "Check Pods Manifest.lock";
			outputPaths = (
			);
			runOnlyForDeploymentPostprocessing = 0;
			shellPath = /bin/sh;
			shellScript = "diff \"${PODS_ROOT}/../Podfile.lock\" \"${PODS_ROOT}/Manifest.lock\" > /dev/null\nif [[ $? != 0 ]] ; then\n    cat << EOM\nerror: The sandbox is not in sync with the Podfile.lock. Run 'pod install' or update your CocoaPods installation.\nEOM\n    exit 1\nfi\n";
			showEnvVarsInLog = 0;
		};
/* End PBXShellScriptBuildPhase section */

/* Begin PBXSourcesBuildPhase section */
		6B8DAC301C68792700AA6ED3 /* Sources */ = {
			isa = PBXSourcesBuildPhase;
			buildActionMask = 2147483647;
			files = (
				6B8DAC5A1C6879A500AA6ED3 /* MainViewController.m in Sources */,
				6B8DAC3C1C68792700AA6ED3 /* AppDelegate.m in Sources */,
				6B8DAC391C68792700AA6ED3 /* main.m in Sources */,
				6B7DF8851C6F77A100D43104 /* Constants.m in Sources */,
				6B8DAC501C68798F00AA6ED3 /* SWRevealViewController.m in Sources */,
				6B8DAC5B1C6879A500AA6ED3 /* MasterTableViewController.m in Sources */,
				6B8DAC5C1C6879A500AA6ED3 /* SignUpViewController.m in Sources */,
				6B7DF8891C6FAA0400D43104 /* PollingPlaceViewController.m in Sources */,
				6BC770E71C7A4CAC004CC8D6 /* PastPollingTableViewController.m in Sources */,
				5A64A5A81C90A047001629F0 /* LargeWaitTime.m in Sources */,
				6B0F5AE61CB19222002BE2AA /* CheckInViewController.m in Sources */,
				6BB063C71CA8B820000EF46C /* CheckIns.m in Sources */,
				6BC770F41C7A55DC004CC8D6 /* WaitTimeTableViewCell.m in Sources */,
				5A64A5A51C909E92001629F0 /* SmallWaitTime.m in Sources */,
			);
			runOnlyForDeploymentPostprocessing = 0;
		};
/* End PBXSourcesBuildPhase section */

/* Begin XCBuildConfiguration section */
		6B8DAC491C68792700AA6ED3 /* Debug */ = {
			isa = XCBuildConfiguration;
			buildSettings = {
				ALWAYS_SEARCH_USER_PATHS = NO;
				CLANG_CXX_LANGUAGE_STANDARD = "gnu++0x";
				CLANG_CXX_LIBRARY = "libc++";
				CLANG_ENABLE_MODULES = YES;
				CLANG_ENABLE_OBJC_ARC = YES;
				CLANG_WARN_BOOL_CONVERSION = YES;
				CLANG_WARN_CONSTANT_CONVERSION = YES;
				CLANG_WARN_DIRECT_OBJC_ISA_USAGE = YES_ERROR;
				CLANG_WARN_EMPTY_BODY = YES;
				CLANG_WARN_ENUM_CONVERSION = YES;
				CLANG_WARN_INT_CONVERSION = YES;
				CLANG_WARN_OBJC_ROOT_CLASS = YES_ERROR;
				CLANG_WARN_UNREACHABLE_CODE = YES;
				CLANG_WARN__DUPLICATE_METHOD_MATCH = YES;
				"CODE_SIGN_IDENTITY[sdk=iphoneos*]" = "iPhone Developer";
				COPY_PHASE_STRIP = NO;
				DEBUG_INFORMATION_FORMAT = dwarf;
				ENABLE_STRICT_OBJC_MSGSEND = YES;
				ENABLE_TESTABILITY = YES;
				GCC_C_LANGUAGE_STANDARD = gnu99;
				GCC_DYNAMIC_NO_PIC = NO;
				GCC_NO_COMMON_BLOCKS = YES;
				GCC_OPTIMIZATION_LEVEL = 0;
				GCC_PREPROCESSOR_DEFINITIONS = (
					"DEBUG=1",
					"$(inherited)",
				);
				GCC_WARN_64_TO_32_BIT_CONVERSION = YES;
				GCC_WARN_ABOUT_RETURN_TYPE = YES_ERROR;
				GCC_WARN_UNDECLARED_SELECTOR = YES;
				GCC_WARN_UNINITIALIZED_AUTOS = YES_AGGRESSIVE;
				GCC_WARN_UNUSED_FUNCTION = YES;
				GCC_WARN_UNUSED_VARIABLE = YES;
				IPHONEOS_DEPLOYMENT_TARGET = 9.2;
				MTL_ENABLE_DEBUG_INFO = YES;
				ONLY_ACTIVE_ARCH = YES;
				SDKROOT = iphoneos;
			};
			name = Debug;
		};
		6B8DAC4A1C68792700AA6ED3 /* Release */ = {
			isa = XCBuildConfiguration;
			buildSettings = {
				ALWAYS_SEARCH_USER_PATHS = NO;
				CLANG_CXX_LANGUAGE_STANDARD = "gnu++0x";
				CLANG_CXX_LIBRARY = "libc++";
				CLANG_ENABLE_MODULES = YES;
				CLANG_ENABLE_OBJC_ARC = YES;
				CLANG_WARN_BOOL_CONVERSION = YES;
				CLANG_WARN_CONSTANT_CONVERSION = YES;
				CLANG_WARN_DIRECT_OBJC_ISA_USAGE = YES_ERROR;
				CLANG_WARN_EMPTY_BODY = YES;
				CLANG_WARN_ENUM_CONVERSION = YES;
				CLANG_WARN_INT_CONVERSION = YES;
				CLANG_WARN_OBJC_ROOT_CLASS = YES_ERROR;
				CLANG_WARN_UNREACHABLE_CODE = YES;
				CLANG_WARN__DUPLICATE_METHOD_MATCH = YES;
				"CODE_SIGN_IDENTITY[sdk=iphoneos*]" = "iPhone Developer";
				COPY_PHASE_STRIP = NO;
				DEBUG_INFORMATION_FORMAT = "dwarf-with-dsym";
				ENABLE_NS_ASSERTIONS = NO;
				ENABLE_STRICT_OBJC_MSGSEND = YES;
				GCC_C_LANGUAGE_STANDARD = gnu99;
				GCC_NO_COMMON_BLOCKS = YES;
				GCC_WARN_64_TO_32_BIT_CONVERSION = YES;
				GCC_WARN_ABOUT_RETURN_TYPE = YES_ERROR;
				GCC_WARN_UNDECLARED_SELECTOR = YES;
				GCC_WARN_UNINITIALIZED_AUTOS = YES_AGGRESSIVE;
				GCC_WARN_UNUSED_FUNCTION = YES;
				GCC_WARN_UNUSED_VARIABLE = YES;
				IPHONEOS_DEPLOYMENT_TARGET = 9.2;
				MTL_ENABLE_DEBUG_INFO = NO;
				SDKROOT = iphoneos;
				VALIDATE_PRODUCT = YES;
			};
			name = Release;
		};
		6B8DAC4C1C68792700AA6ED3 /* Debug */ = {
			isa = XCBuildConfiguration;
			baseConfigurationReference = 55C56609687A10C7677EDD8C /* Pods-BusyBooth.debug.xcconfig */;
			buildSettings = {
				ASSETCATALOG_COMPILER_APPICON_NAME = AppIcon;
				CODE_SIGN_IDENTITY = "iPhone Developer";
				"CODE_SIGN_IDENTITY[sdk=iphoneos*]" = "iPhone Developer";
				GCC_PREFIX_HEADER = "$(SRCROOT)/BusyBooth/BusyBooth-Prefix.pch";
				INFOPLIST_FILE = BusyBooth/Info.plist;
				IPHONEOS_DEPLOYMENT_TARGET = 8.0;
				LD_RUNPATH_SEARCH_PATHS = "$(inherited) @executable_path/Frameworks";
				PRODUCT_BUNDLE_IDENTIFIER = com.kbhara.BusyBooth;
				PRODUCT_NAME = "$(TARGET_NAME)";
			};
			name = Debug;
		};
		6B8DAC4D1C68792700AA6ED3 /* Release */ = {
			isa = XCBuildConfiguration;
			baseConfigurationReference = CEB09FD9F71038E172829AC5 /* Pods-BusyBooth.release.xcconfig */;
			buildSettings = {
				ASSETCATALOG_COMPILER_APPICON_NAME = AppIcon;
				CODE_SIGN_IDENTITY = "iPhone Developer";
				"CODE_SIGN_IDENTITY[sdk=iphoneos*]" = "iPhone Developer";
				GCC_PREFIX_HEADER = "$(SRCROOT)/BusyBooth/BusyBooth-Prefix.pch";
				INFOPLIST_FILE = BusyBooth/Info.plist;
				IPHONEOS_DEPLOYMENT_TARGET = 8.0;
				LD_RUNPATH_SEARCH_PATHS = "$(inherited) @executable_path/Frameworks";
				PRODUCT_BUNDLE_IDENTIFIER = com.kbhara.BusyBooth;
				PRODUCT_NAME = "$(TARGET_NAME)";
			};
			name = Release;
		};
/* End XCBuildConfiguration section */

/* Begin XCConfigurationList section */
		6B8DAC2F1C68792700AA6ED3 /* Build configuration list for PBXProject "BusyBooth" */ = {
			isa = XCConfigurationList;
			buildConfigurations = (
				6B8DAC491C68792700AA6ED3 /* Debug */,
				6B8DAC4A1C68792700AA6ED3 /* Release */,
			);
			defaultConfigurationIsVisible = 0;
			defaultConfigurationName = Release;
		};
		6B8DAC4B1C68792700AA6ED3 /* Build configuration list for PBXNativeTarget "BusyBooth" */ = {
			isa = XCConfigurationList;
			buildConfigurations = (
				6B8DAC4C1C68792700AA6ED3 /* Debug */,
				6B8DAC4D1C68792700AA6ED3 /* Release */,
			);
			defaultConfigurationIsVisible = 0;
			defaultConfigurationName = Release;
		};
/* End XCConfigurationList section */
	};
	rootObject = 6B8DAC2C1C68792700AA6ED3 /* Project object */;
}
